// !$*UTF8*$!
{
	archiveVersion = 1;
	classes = {
	};
	objectVersion = 50;
	objects = {

/* Begin PBXBuildFile section */
		3F83E5E5278C99FB00DFAE4A /* to_do_listApp.swift in Sources */ = {isa = PBXBuildFile; fileRef = 3F83E5E4278C99FB00DFAE4A /* to_do_listApp.swift */; };
		3F83E5E7278C99FB00DFAE4A /* ContentView.swift in Sources */ = {isa = PBXBuildFile; fileRef = 3F83E5E6278C99FB00DFAE4A /* ContentView.swift */; };
		3F83E5E9278C9A0400DFAE4A /* Assets.xcassets in Resources */ = {isa = PBXBuildFile; fileRef = 3F83E5E8278C9A0400DFAE4A /* Assets.xcassets */; };
		3F83E5EC278C9A0400DFAE4A /* Preview Assets.xcassets in Resources */ = {isa = PBXBuildFile; fileRef = 3F83E5EB278C9A0400DFAE4A /* Preview Assets.xcassets */; };
		3F83E5F7278C9A0500DFAE4A /* to_do_listTests.swift in Sources */ = {isa = PBXBuildFile; fileRef = 3F83E5F6278C9A0500DFAE4A /* to_do_listTests.swift */; };
		3F83E602278C9A0500DFAE4A /* to_do_listUITests.swift in Sources */ = {isa = PBXBuildFile; fileRef = 3F83E601278C9A0500DFAE4A /* to_do_listUITests.swift */; };
/* End PBXBuildFile section */

/* Begin PBXContainerItemProxy section */
		3F83E5F3278C9A0500DFAE4A /* PBXContainerItemProxy */ = {
			isa = PBXContainerItemProxy;
			containerPortal = 3F83E5D9278C99FB00DFAE4A /* Project object */;
			proxyType = 1;
			remoteGlobalIDString = 3F83E5E0278C99FB00DFAE4A;
			remoteInfo = "to-do list";
		};
		3F83E5FE278C9A0500DFAE4A /* PBXContainerItemProxy */ = {
			isa = PBXContainerItemProxy;
			containerPortal = 3F83E5D9278C99FB00DFAE4A /* Project object */;
			proxyType = 1;
			remoteGlobalIDString = 3F83E5E0278C99FB00DFAE4A;
			remoteInfo = "to-do list";
		};
/* End PBXContainerItemProxy section */

/* Begin PBXFileReference section */
		3F83E5E1278C99FB00DFAE4A /* to-do list.app */ = {isa = PBXFileReference; explicitFileType = wrapper.application; includeInIndex = 0; path = "to-do list.app"; sourceTree = BUILT_PRODUCTS_DIR; };
		3F83E5E4278C99FB00DFAE4A /* to_do_listApp.swift */ = {isa = PBXFileReference; lastKnownFileType = sourcecode.swift; path = to_do_listApp.swift; sourceTree = "<group>"; };
		3F83E5E6278C99FB00DFAE4A /* ContentView.swift */ = {isa = PBXFileReference; lastKnownFileType = sourcecode.swift; path = ContentView.swift; sourceTree = "<group>"; };
		3F83E5E8278C9A0400DFAE4A /* Assets.xcassets */ = {isa = PBXFileReference; lastKnownFileType = folder.assetcatalog; path = Assets.xcassets; sourceTree = "<group>"; };
		3F83E5EB278C9A0400DFAE4A /* Preview Assets.xcassets */ = {isa = PBXFileReference; lastKnownFileType = folder.assetcatalog; path = "Preview Assets.xcassets"; sourceTree = "<group>"; };
		3F83E5ED278C9A0400DFAE4A /* Info.plist */ = {isa = PBXFileReference; lastKnownFileType = text.plist.xml; path = Info.plist; sourceTree = "<group>"; };
		3F83E5F2278C9A0500DFAE4A /* to-do listTests.xctest */ = {isa = PBXFileReference; explicitFileType = wrapper.cfbundle; includeInIndex = 0; path = "to-do listTests.xctest"; sourceTree = BUILT_PRODUCTS_DIR; };
		3F83E5F6278C9A0500DFAE4A /* to_do_listTests.swift */ = {isa = PBXFileReference; lastKnownFileType = sourcecode.swift; path = to_do_listTests.swift; sourceTree = "<group>"; };
		3F83E5F8278C9A0500DFAE4A /* Info.plist */ = {isa = PBXFileReference; lastKnownFileType = text.plist.xml; path = Info.plist; sourceTree = "<group>"; };
		3F83E5FD278C9A0500DFAE4A /* to-do listUITests.xctest */ = {isa = PBXFileReference; explicitFileType = wrapper.cfbundle; includeInIndex = 0; path = "to-do listUITests.xctest"; sourceTree = BUILT_PRODUCTS_DIR; };
		3F83E601278C9A0500DFAE4A /* to_do_listUITests.swift */ = {isa = PBXFileReference; lastKnownFileType = sourcecode.swift; path = to_do_listUITests.swift; sourceTree = "<group>"; };
		3F83E603278C9A0500DFAE4A /* Info.plist */ = {isa = PBXFileReference; lastKnownFileType = text.plist.xml; path = Info.plist; sourceTree = "<group>"; };
/* End PBXFileReference section */

/* Begin PBXFrameworksBuildPhase section */
		3F83E5DE278C99FB00DFAE4A /* Frameworks */ = {
			isa = PBXFrameworksBuildPhase;
			buildActionMask = 2147483647;
			files = (
			);
			runOnlyForDeploymentPostprocessing = 0;
		};
		3F83E5EF278C9A0500DFAE4A /* Frameworks */ = {
			isa = PBXFrameworksBuildPhase;
			buildActionMask = 2147483647;
			files = (
			);
			runOnlyForDeploymentPostprocessing = 0;
		};
		3F83E5FA278C9A0500DFAE4A /* Frameworks */ = {
			isa = PBXFrameworksBuildPhase;
			buildActionMask = 2147483647;
			files = (
			);
			runOnlyForDeploymentPostprocessing = 0;
		};
/* End PBXFrameworksBuildPhase section */

/* Begin PBXGroup section */
		3F83E5D8278C99FB00DFAE4A = {
			isa = PBXGroup;
			children = (
				3F83E5E3278C99FB00DFAE4A /* to-do list */,
				3F83E5F5278C9A0500DFAE4A /* to-do listTests */,
				3F83E600278C9A0500DFAE4A /* to-do listUITests */,
				3F83E5E2278C99FB00DFAE4A /* Products */,
			);
			sourceTree = "<group>";
		};
		3F83E5E2278C99FB00DFAE4A /* Products */ = {
			isa = PBXGroup;
			children = (
				3F83E5E1278C99FB00DFAE4A /* to-do list.app */,
				3F83E5F2278C9A0500DFAE4A /* to-do listTests.xctest */,
				3F83E5FD278C9A0500DFAE4A /* to-do listUITests.xctest */,
			);
			name = Products;
			sourceTree = "<group>";
		};
		3F83E5E3278C99FB00DFAE4A /* to-do list */ = {
			isa = PBXGroup;
			children = (
				3F83E5E4278C99FB00DFAE4A /* to_do_listApp.swift */,
				3F83E5E6278C99FB00DFAE4A /* ContentView.swift */,
				3F83E5E8278C9A0400DFAE4A /* Assets.xcassets */,
				3F83E5ED278C9A0400DFAE4A /* Info.plist */,
				3F83E5EA278C9A0400DFAE4A /* Preview Content */,
			);
			path = "to-do list";
			sourceTree = "<group>";
		};
		3F83E5EA278C9A0400DFAE4A /* Preview Content */ = {
			isa = PBXGroup;
			children = (
				3F83E5EB278C9A0400DFAE4A /* Preview Assets.xcassets */,
			);
			path = "Preview Content";
			sourceTree = "<group>";
		};
		3F83E5F5278C9A0500DFAE4A /* to-do listTests */ = {
			isa = PBXGroup;
			children = (
				3F83E5F6278C9A0500DFAE4A /* to_do_listTests.swift */,
				3F83E5F8278C9A0500DFAE4A /* Info.plist */,
			);
			path = "to-do listTests";
			sourceTree = "<group>";
		};
		3F83E600278C9A0500DFAE4A /* to-do listUITests */ = {
			isa = PBXGroup;
			children = (
				3F83E601278C9A0500DFAE4A /* to_do_listUITests.swift */,
				3F83E603278C9A0500DFAE4A /* Info.plist */,
			);
			path = "to-do listUITests";
			sourceTree = "<group>";
		};
/* End PBXGroup section */

/* Begin PBXNativeTarget section */
		3F83E5E0278C99FB00DFAE4A /* to-do list */ = {
			isa = PBXNativeTarget;
			buildConfigurationList = 3F83E606278C9A0500DFAE4A /* Build configuration list for PBXNativeTarget "to-do list" */;
			buildPhases = (
				3F83E5DD278C99FB00DFAE4A /* Sources */,
				3F83E5DE278C99FB00DFAE4A /* Frameworks */,
				3F83E5DF278C99FB00DFAE4A /* Resources */,
			);
			buildRules = (
			);
			dependencies = (
			);
			name = "to-do list";
			productName = "to-do list";
			productReference = 3F83E5E1278C99FB00DFAE4A /* to-do list.app */;
			productType = "com.apple.product-type.application";
		};
		3F83E5F1278C9A0500DFAE4A /* to-do listTests */ = {
			isa = PBXNativeTarget;
			buildConfigurationList = 3F83E609278C9A0500DFAE4A /* Build configuration list for PBXNativeTarget "to-do listTests" */;
			buildPhases = (
				3F83E5EE278C9A0500DFAE4A /* Sources */,
				3F83E5EF278C9A0500DFAE4A /* Frameworks */,
				3F83E5F0278C9A0500DFAE4A /* Resources */,
			);
			buildRules = (
			);
			dependencies = (
				3F83E5F4278C9A0500DFAE4A /* PBXTargetDependency */,
			);
			name = "to-do listTests";
			productName = "to-do listTests";
			productReference = 3F83E5F2278C9A0500DFAE4A /* to-do listTests.xctest */;
			productType = "com.apple.product-type.bundle.unit-test";
		};
		3F83E5FC278C9A0500DFAE4A /* to-do listUITests */ = {
			isa = PBXNativeTarget;
			buildConfigurationList = 3F83E60C278C9A0500DFAE4A /* Build configuration list for PBXNativeTarget "to-do listUITests" */;
			buildPhases = (
				3F83E5F9278C9A0500DFAE4A /* Sources */,
				3F83E5FA278C9A0500DFAE4A /* Frameworks */,
				3F83E5FB278C9A0500DFAE4A /* Resources */,
			);
			buildRules = (
			);
			dependencies = (
				3F83E5FF278C9A0500DFAE4A /* PBXTargetDependency */,
			);
			name = "to-do listUITests";
			productName = "to-do listUITests";
			productReference = 3F83E5FD278C9A0500DFAE4A /* to-do listUITests.xctest */;
			productType = "com.apple.product-type.bundle.ui-testing";
		};
/* End PBXNativeTarget section */

/* Begin PBXProject section */
		3F83E5D9278C99FB00DFAE4A /* Project object */ = {
			isa = PBXProject;
			attributes = {
				LastSwiftUpdateCheck = 1250;
				LastUpgradeCheck = 1250;
				TargetAttributes = {
					3F83E5E0278C99FB00DFAE4A = {
						CreatedOnToolsVersion = 12.5.1;
					};
					3F83E5F1278C9A0500DFAE4A = {
						CreatedOnToolsVersion = 12.5.1;
						TestTargetID = 3F83E5E0278C99FB00DFAE4A;
					};
					3F83E5FC278C9A0500DFAE4A = {
						CreatedOnToolsVersion = 12.5.1;
						TestTargetID = 3F83E5E0278C99FB00DFAE4A;
					};
				};
			};
			buildConfigurationList = 3F83E5DC278C99FB00DFAE4A /* Build configuration list for PBXProject "to-do list" */;
			compatibilityVersion = "Xcode 9.3";
			developmentRegion = en;
			hasScannedForEncodings = 0;
			knownRegions = (
				en,
				Base,
			);
			mainGroup = 3F83E5D8278C99FB00DFAE4A;
			productRefGroup = 3F83E5E2278C99FB00DFAE4A /* Products */;
			projectDirPath = "";
			projectRoot = "";
			targets = (
				3F83E5E0278C99FB00DFAE4A /* to-do list */,
				3F83E5F1278C9A0500DFAE4A /* to-do listTests */,
				3F83E5FC278C9A0500DFAE4A /* to-do listUITests */,
			);
		};
/* End PBXProject section */

/* Begin PBXResourcesBuildPhase section */
		3F83E5DF278C99FB00DFAE4A /* Resources */ = {
			isa = PBXResourcesBuildPhase;
			buildActionMask = 2147483647;
			files = (
				3F83E5EC278C9A0400DFAE4A /* Preview Assets.xcassets in Resources */,
				3F83E5E9278C9A0400DFAE4A /* Assets.xcassets in Resources */,
			);
			runOnlyForDeploymentPostprocessing = 0;
		};
		3F83E5F0278C9A0500DFAE4A /* Resources */ = {
			isa = PBXResourcesBuildPhase;
			buildActionMask = 2147483647;
			files = (
			);
			runOnlyForDeploymentPostprocessing = 0;
		};
		3F83E5FB278C9A0500DFAE4A /* Resources */ = {
			isa = PBXResourcesBuildPhase;
			buildActionMask = 2147483647;
			files = (
			);
			runOnlyForDeploymentPostprocessing = 0;
		};
/* End PBXResourcesBuildPhase section */

/* Begin PBXSourcesBuildPhase section */
		3F83E5DD278C99FB00DFAE4A /* Sources */ = {
			isa = PBXSourcesBuildPhase;
			buildActionMask = 2147483647;
			files = (
				3F83E5E7278C99FB00DFAE4A /* ContentView.swift in Sources */,
				3F83E5E5278C99FB00DFAE4A /* to_do_listApp.swift in Sources */,
			);
			runOnlyForDeploymentPostprocessing = 0;
		};
		3F83E5EE278C9A0500DFAE4A /* Sources */ = {
			isa = PBXSourcesBuildPhase;
			buildActionMask = 2147483647;
			files = (
				3F83E5F7278C9A0500DFAE4A /* to_do_listTests.swift in Sources */,
			);
			runOnlyForDeploymentPostprocessing = 0;
		};
		3F83E5F9278C9A0500DFAE4A /* Sources */ = {
			isa = PBXSourcesBuildPhase;
			buildActionMask = 2147483647;
			files = (
				3F83E602278C9A0500DFAE4A /* to_do_listUITests.swift in Sources */,
			);
			runOnlyForDeploymentPostprocessing = 0;
		};
/* End PBXSourcesBuildPhase section */

/* Begin PBXTargetDependency section */
		3F83E5F4278C9A0500DFAE4A /* PBXTargetDependency */ = {
			isa = PBXTargetDependency;
			target = 3F83E5E0278C99FB00DFAE4A /* to-do list */;
			targetProxy = 3F83E5F3278C9A0500DFAE4A /* PBXContainerItemProxy */;
		};
		3F83E5FF278C9A0500DFAE4A /* PBXTargetDependency */ = {
			isa = PBXTargetDependency;
			target = 3F83E5E0278C99FB00DFAE4A /* to-do list */;
			targetProxy = 3F83E5FE278C9A0500DFAE4A /* PBXContainerItemProxy */;
		};
/* End PBXTargetDependency section */

/* Begin XCBuildConfiguration section */
		3F83E604278C9A0500DFAE4A /* Debug */ = {
			isa = XCBuildConfiguration;
			buildSettings = {
				ALWAYS_SEARCH_USER_PATHS = NO;
				CLANG_ANALYZER_NONNULL = YES;
				CLANG_ANALYZER_NUMBER_OBJECT_CONVERSION = YES_AGGRESSIVE;
				CLANG_CXX_LANGUAGE_STANDARD = "gnu++14";
				CLANG_CXX_LIBRARY = "libc++";
				CLANG_ENABLE_MODULES = YES;
				CLANG_ENABLE_OBJC_ARC = YES;
				CLANG_ENABLE_OBJC_WEAK = YES;
				CLANG_WARN_BLOCK_CAPTURE_AUTORELEASING = YES;
				CLANG_WARN_BOOL_CONVERSION = YES;
				CLANG_WARN_COMMA = YES;
				CLANG_WARN_CONSTANT_CONVERSION = YES;
				CLANG_WARN_DEPRECATED_OBJC_IMPLEMENTATIONS = YES;
				CLANG_WARN_DIRECT_OBJC_ISA_USAGE = YES_ERROR;
				CLANG_WARN_DOCUMENTATION_COMMENTS = YES;
				CLANG_WARN_EMPTY_BODY = YES;
				CLANG_WARN_ENUM_CONVERSION = YES;
				CLANG_WARN_INFINITE_RECURSION = YES;
				CLANG_WARN_INT_CONVERSION = YES;
				CLANG_WARN_NON_LITERAL_NULL_CONVERSION = YES;
				CLANG_WARN_OBJC_IMPLICIT_RETAIN_SELF = YES;
				CLANG_WARN_OBJC_LITERAL_CONVERSION = YES;
				CLANG_WARN_OBJC_ROOT_CLASS = YES_ERROR;
				CLANG_WARN_QUOTED_INCLUDE_IN_FRAMEWORK_HEADER = YES;
				CLANG_WARN_RANGE_LOOP_ANALYSIS = YES;
				CLANG_WARN_STRICT_PROTOTYPES = YES;
				CLANG_WARN_SUSPICIOUS_MOVE = YES;
				CLANG_WARN_UNGUARDED_AVAILABILITY = YES_AGGRESSIVE;
				CLANG_WARN_UNREACHABLE_CODE = YES;
				CLANG_WARN__DUPLICATE_METHOD_MATCH = YES;
				COPY_PHASE_STRIP = NO;
				DEBUG_INFORMATION_FORMAT = dwarf;
				ENABLE_STRICT_OBJC_MSGSEND = YES;
				ENABLE_TESTABILITY = YES;
				GCC_C_LANGUAGE_STANDARD = gnu11;
				GCC_DYNAMIC_NO_PIC = NO;
				GCC_NO_COMMON_BLOCKS = YES;
				GCC_OPTIMIZATION_LEVEL = 0;
				GCC_PREPROCESSOR_DEFINITIONS = (
					"DEBUG=1",
					"$(inherited)",
				);
				GCC_WARN_64_TO_32_BIT_CONVERSION = YES;
				GCC_WARN_ABOUT_RETURN_TYPE = YES_ERROR;
				GCC_WARN_UNDECLARED_SELECTOR = YES;
				GCC_WARN_UNINITIALIZED_AUTOS = YES_AGGRESSIVE;
				GCC_WARN_UNUSED_FUNCTION = YES;
				GCC_WARN_UNUSED_VARIABLE = YES;
				IPHONEOS_DEPLOYMENT_TARGET = 14.5;
				MTL_ENABLE_DEBUG_INFO = INCLUDE_SOURCE;
				MTL_FAST_MATH = YES;
				ONLY_ACTIVE_ARCH = YES;
				SDKROOT = iphoneos;
				SWIFT_ACTIVE_COMPILATION_CONDITIONS = DEBUG;
				SWIFT_OPTIMIZATION_LEVEL = "-Onone";
			};
			name = Debug;
		};
		3F83E605278C9A0500DFAE4A /* Release */ = {
			isa = XCBuildConfiguration;
			buildSettings = {
				ALWAYS_SEARCH_USER_PATHS = NO;
				CLANG_ANALYZER_NONNULL = YES;
				CLANG_ANALYZER_NUMBER_OBJECT_CONVERSION = YES_AGGRESSIVE;
				CLANG_CXX_LANGUAGE_STANDARD = "gnu++14";
				CLANG_CXX_LIBRARY = "libc++";
				CLANG_ENABLE_MODULES = YES;
				CLANG_ENABLE_OBJC_ARC = YES;
				CLANG_ENABLE_OBJC_WEAK = YES;
				CLANG_WARN_BLOCK_CAPTURE_AUTORELEASING = YES;
				CLANG_WARN_BOOL_CONVERSION = YES;
				CLANG_WARN_COMMA = YES;
				CLANG_WARN_CONSTANT_CONVERSION = YES;
				CLANG_WARN_DEPRECATED_OBJC_IMPLEMENTATIONS = YES;
				CLANG_WARN_DIRECT_OBJC_ISA_USAGE = YES_ERROR;
				CLANG_WARN_DOCUMENTATION_COMMENTS = YES;
				CLANG_WARN_EMPTY_BODY = YES;
				CLANG_WARN_ENUM_CONVERSION = YES;
				CLANG_WARN_INFINITE_RECURSION = YES;
				CLANG_WARN_INT_CONVERSION = YES;
				CLANG_WARN_NON_LITERAL_NULL_CONVERSION = YES;
				CLANG_WARN_OBJC_IMPLICIT_RETAIN_SELF = YES;
				CLANG_WARN_OBJC_LITERAL_CONVERSION = YES;
				CLANG_WARN_OBJC_ROOT_CLASS = YES_ERROR;
				CLANG_WARN_QUOTED_INCLUDE_IN_FRAMEWORK_HEADER = YES;
				CLANG_WARN_RANGE_LOOP_ANALYSIS = YES;
				CLANG_WARN_STRICT_PROTOTYPES = YES;
				CLANG_WARN_SUSPICIOUS_MOVE = YES;
				CLANG_WARN_UNGUARDED_AVAILABILITY = YES_AGGRESSIVE;
				CLANG_WARN_UNREACHABLE_CODE = YES;
				CLANG_WARN__DUPLICATE_METHOD_MATCH = YES;
				COPY_PHASE_STRIP = NO;
				DEBUG_INFORMATION_FORMAT = "dwarf-with-dsym";
				ENABLE_NS_ASSERTIONS = NO;
				ENABLE_STRICT_OBJC_MSGSEND = YES;
				GCC_C_LANGUAGE_STANDARD = gnu11;
				GCC_NO_COMMON_BLOCKS = YES;
				GCC_WARN_64_TO_32_BIT_CONVERSION = YES;
				GCC_WARN_ABOUT_RETURN_TYPE = YES_ERROR;
				GCC_WARN_UNDECLARED_SELECTOR = YES;
				GCC_WARN_UNINITIALIZED_AUTOS = YES_AGGRESSIVE;
				GCC_WARN_UNUSED_FUNCTION = YES;
				GCC_WARN_UNUSED_VARIABLE = YES;
				IPHONEOS_DEPLOYMENT_TARGET = 14.5;
				MTL_ENABLE_DEBUG_INFO = NO;
				MTL_FAST_MATH = YES;
				SDKROOT = iphoneos;
				SWIFT_COMPILATION_MODE = wholemodule;
				SWIFT_OPTIMIZATION_LEVEL = "-O";
				VALIDATE_PRODUCT = YES;
			};
			name = Release;
		};
		3F83E607278C9A0500DFAE4A /* Debug */ = {
			isa = XCBuildConfiguration;
			buildSettings = {
				ASSETCATALOG_COMPILER_APPICON_NAME = AppIcon;
				ASSETCATALOG_COMPILER_GLOBAL_ACCENT_COLOR_NAME = AccentColor;
				CODE_SIGN_STYLE = Automatic;
				DEVELOPMENT_ASSET_PATHS = "\"to-do list/Preview Content\"";
				ENABLE_PREVIEWS = YES;
				INFOPLIST_FILE = "to-do list/Info.plist";
				IPHONEOS_DEPLOYMENT_TARGET = 14.0;
				LD_RUNPATH_SEARCH_PATHS = (
					"$(inherited)",
					"@executable_path/Frameworks",
				);
				PRODUCT_BUNDLE_IDENTIFIER = "AEY.to-do-list";
				PRODUCT_NAME = "$(TARGET_NAME)";
				SWIFT_VERSION = 5.0;
				TARGETED_DEVICE_FAMILY = "1,2";
			};
			name = Debug;
		};
		3F83E608278C9A0500DFAE4A /* Release */ = {
			isa = XCBuildConfiguration;
			buildSettings = {
				ASSETCATALOG_COMPILER_APPICON_NAME = AppIcon;
				ASSETCATALOG_COMPILER_GLOBAL_ACCENT_COLOR_NAME = AccentColor;
				CODE_SIGN_STYLE = Automatic;
				DEVELOPMENT_ASSET_PATHS = "\"to-do list/Preview Content\"";
				ENABLE_PREVIEWS = YES;
				INFOPLIST_FILE = "to-do list/Info.plist";
				IPHONEOS_DEPLOYMENT_TARGET = 14.0;
				LD_RUNPATH_SEARCH_PATHS = (
					"$(inherited)",
					"@executable_path/Frameworks",
				);
				PRODUCT_BUNDLE_IDENTIFIER = "AEY.to-do-list";
				PRODUCT_NAME = "$(TARGET_NAME)";
				SWIFT_VERSION = 5.0;
				TARGETED_DEVICE_FAMILY = "1,2";
			};
			name = Release;
		};
		3F83E60A278C9A0500DFAE4A /* Debug */ = {
			isa = XCBuildConfiguration;
			buildSettings = {
				ALWAYS_EMBED_SWIFT_STANDARD_LIBRARIES = YES;
				BUNDLE_LOADER = "$(TEST_HOST)";
				CODE_SIGN_STYLE = Automatic;
				INFOPLIST_FILE = "to-do listTests/Info.plist";
				IPHONEOS_DEPLOYMENT_TARGET = 14.0;
				LD_RUNPATH_SEARCH_PATHS = (
					"$(inherited)",
					"@executable_path/Frameworks",
					"@loader_path/Frameworks",
				);
				PRODUCT_BUNDLE_IDENTIFIER = "AEY.to-do-listTests";
				PRODUCT_NAME = "$(TARGET_NAME)";
				SWIFT_VERSION = 5.0;
				TARGETED_DEVICE_FAMILY = "1,2";
				TEST_HOST = "$(BUILT_PRODUCTS_DIR)/to-do list.app/to-do list";
			};
			name = Debug;
		};
		3F83E60B278C9A0500DFAE4A /* Release */ = {
			isa = XCBuildConfiguration;
			buildSettings = {
				ALWAYS_EMBED_SWIFT_STANDARD_LIBRARIES = YES;
				BUNDLE_LOADER = "$(TEST_HOST)";
				CODE_SIGN_STYLE = Automatic;
				INFOPLIST_FILE = "to-do listTests/Info.plist";
				IPHONEOS_DEPLOYMENT_TARGET = 14.0;
				LD_RUNPATH_SEARCH_PATHS = (
					"$(inherited)",
					"@executable_path/Frameworks",
					"@loader_path/Frameworks",
				);
				PRODUCT_BUNDLE_IDENTIFIER = "AEY.to-do-listTests";
				PRODUCT_NAME = "$(TARGET_NAME)";
				SWIFT_VERSION = 5.0;
				TARGETED_DEVICE_FAMILY = "1,2";
				TEST_HOST = "$(BUILT_PRODUCTS_DIR)/to-do list.app/to-do list";
			};
			name = Release;
		};
		3F83E60D278C9A0500DFAE4A /* Debug */ = {
			isa = XCBuildConfiguration;
			buildSettings = {
				ALWAYS_EMBED_SWIFT_STANDARD_LIBRARIES = YES;
				CODE_SIGN_STYLE = Automatic;
				INFOPLIST_FILE = "to-do listUITests/Info.plist";
				LD_RUNPATH_SEARCH_PATHS = (
					"$(inherited)",
					"@executable_path/Frameworks",
					"@loader_path/Frameworks",
				);
				PRODUCT_BUNDLE_IDENTIFIER = "AEY.to-do-listUITests";
				PRODUCT_NAME = "$(TARGET_NAME)";
				SWIFT_VERSION = 5.0;
				TARGETED_DEVICE_FAMILY = "1,2";
				TEST_TARGET_NAME = "to-do list";
			};
			name = Debug;
		};
		3F83E60E278C9A0500DFAE4A /* Release */ = {
			isa = XCBuildConfiguration;
			buildSettings = {
				ALWAYS_EMBED_SWIFT_STANDARD_LIBRARIES = YES;
				CODE_SIGN_STYLE = Automatic;
				INFOPLIST_FILE = "to-do listUITests/Info.plist";
				LD_RUNPATH_SEARCH_PATHS = (
					"$(inherited)",
					"@executable_path/Frameworks",
					"@loader_path/Frameworks",
				);
				PRODUCT_BUNDLE_IDENTIFIER = "AEY.to-do-listUITests";
				PRODUCT_NAME = "$(TARGET_NAME)";
				SWIFT_VERSION = 5.0;
				TARGETED_DEVICE_FAMILY = "1,2";
				TEST_TARGET_NAME = "to-do list";
			};
			name = Release;
		};
/* End XCBuildConfiguration section */

/* Begin XCConfigurationList section */
		3F83E5DC278C99FB00DFAE4A /* Build configuration list for PBXProject "to-do list" */ = {
			isa = XCConfigurationList;
			buildConfigurations = (
				3F83E604278C9A0500DFAE4A /* Debug */,
				3F83E605278C9A0500DFAE4A /* Release */,
			);
			defaultConfigurationIsVisible = 0;
			defaultConfigurationName = Release;
		};
		3F83E606278C9A0500DFAE4A /* Build configuration list for PBXNativeTarget "to-do list" */ = {
			isa = XCConfigurationList;
			buildConfigurations = (
				3F83E607278C9A0500DFAE4A /* Debug */,
				3F83E608278C9A0500DFAE4A /* Release */,
			);
			defaultConfigurationIsVisible = 0;
			defaultConfigurationName = Release;
		};
		3F83E609278C9A0500DFAE4A /* Build configuration list for PBXNativeTarget "to-do listTests" */ = {
			isa = XCConfigurationList;
			buildConfigurations = (
				3F83E60A278C9A0500DFAE4A /* Debug */,
				3F83E60B278C9A0500DFAE4A /* Release */,
			);
			defaultConfigurationIsVisible = 0;
			defaultConfigurationName = Release;
		};
		3F83E60C278C9A0500DFAE4A /* Build configuration list for PBXNativeTarget "to-do listUITests" */ = {
			isa = XCConfigurationList;
			buildConfigurations = (
				3F83E60D278C9A0500DFAE4A /* Debug */,
				3F83E60E278C9A0500DFAE4A /* Release */,
			);
			defaultConfigurationIsVisible = 0;
			defaultConfigurationName = Release;
		};
/* End XCConfigurationList section */
	};
	rootObject = 3F83E5D9278C99FB00DFAE4A /* Project object */;
}
